
Microsoft Visual Studio Solution File, Format Version 12.00
# Visual Studio Version 17
VisualStudioVersion = 17.4.33213.308
MinimumVisualStudioVersion = 10.0.40219.1
Project("{2150E333-8FDC-42A3-9474-1A3956D46DE8}") = "1 - WebApi", "1 - WebApi", "{EEB27C9D-E281-40CE-B512-8C72585563DE}"
EndProject
Project("{FAE04EC0-301F-11D3-BF4B-00C04F79EFBC}") = "Alpha.Api", "AlphaApi\Alpha.Api.csproj", "{58158847-C412-44DF-869B-5C8650237738}"
EndProject
Project("{2150E333-8FDC-42A3-9474-1A3956D46DE8}") = "2 - Application", "2 - Application", "{E07E3BFA-F6E1-4F12-A992-729947C5BB49}"
EndProject
Project("{FAE04EC0-301F-11D3-BF4B-00C04F79EFBC}") = "Alpha.Application", "Alpha.Application\Alpha.Application.csproj", "{BAC236DC-9005-4969-A1B3-0C06503BBC35}"
EndProject
Project("{2150E333-8FDC-42A3-9474-1A3956D46DE8}") = "3 - Domain", "3 - Domain", "{B4568559-5E82-4743-8F90-4B25CCE8B4F3}"
EndProject
Project("{FAE04EC0-301F-11D3-BF4B-00C04F79EFBC}") = "Alpha.Domain", "Alpha.Domain\Alpha.Domain.csproj", "{B06626AE-31EB-440B-9778-F9CA467410A5}"
EndProject
Project("{2150E333-8FDC-42A3-9474-1A3956D46DE8}") = "4 - Infra", "4 - Infra", "{3EF5431B-6480-41E4-ADF6-B0DD0A3B440B}"
EndProject
Project("{2150E333-8FDC-42A3-9474-1A3956D46DE8}") = "4.1 - Data", "4.1 - Data", "{AC1962D4-360C-40D7-B186-CF9B5B83FB8C}"
EndProject
Project("{FAE04EC0-301F-11D3-BF4B-00C04F79EFBC}") = "Alpha.Data", "Alpha.Data\Alpha.Data.csproj", "{E2552E40-AF40-4544-9C26-FD710CFAB4F3}"
EndProject
Project("{2150E333-8FDC-42A3-9474-1A3956D46DE8}") = "4.2 - CrossCutting", "4.2 - CrossCutting", "{D5624863-EB5B-499D-BD97-DE21E71EA96F}"
EndProject
Project("{FAE04EC0-301F-11D3-BF4B-00C04F79EFBC}") = "Alpha.IoC", "Alpha.IoC\Alpha.IoC.csproj", "{9CFA9B7B-FD60-4701-9622-682F25338CA0}"
EndProject
Project("{2150E333-8FDC-42A3-9474-1A3956D46DE8}") = "4.3 - WCF", "4.3 - WCF", "{88063D98-0A21-4C8B-8005-96439C3FDF0B}"
EndProject
Project("{FAE04EC0-301F-11D3-BF4B-00C04F79EFBC}") = "Alpha.WCFClient", "Alpha.WCFClient\Alpha.WCFClient.csproj", "{6574D49B-F2DC-4AB8-89EC-63DF40A43A6F}"
EndProject
Project("{2150E333-8FDC-42A3-9474-1A3956D46DE8}") = "5 - Tests", "5 - Tests", "{D75C92EA-96AC-40DC-9E73-A45D91C75836}"
EndProject
Project("{FAE04EC0-301F-11D3-BF4B-00C04F79EFBC}") = "Alpha.UnitTests", "Alpha.UnitTests\Alpha.UnitTests.csproj", "{F795BB74-1328-4BCF-9C82-56FB8A2972B0}"
EndProject
Global
	GlobalSection(SolutionConfigurationPlatforms) = preSolution
		Debug|Any CPU = Debug|Any CPU
		Release|Any CPU = Release|Any CPU
	EndGlobalSection
	GlobalSection(ProjectConfigurationPlatforms) = postSolution
		{58158847-C412-44DF-869B-5C8650237738}.Debug|Any CPU.ActiveCfg = Debug|Any CPU
		{58158847-C412-44DF-869B-5C8650237738}.Debug|Any CPU.Build.0 = Debug|Any CPU
		{58158847-C412-44DF-869B-5C8650237738}.Release|Any CPU.ActiveCfg = Release|Any CPU
		{58158847-C412-44DF-869B-5C8650237738}.Release|Any CPU.Build.0 = Release|Any CPU
		{BAC236DC-9005-4969-A1B3-0C06503BBC35}.Debug|Any CPU.ActiveCfg = Debug|Any CPU
		{BAC236DC-9005-4969-A1B3-0C06503BBC35}.Debug|Any CPU.Build.0 = Debug|Any CPU
		{BAC236DC-9005-4969-A1B3-0C06503BBC35}.Release|Any CPU.ActiveCfg = Release|Any CPU
		{BAC236DC-9005-4969-A1B3-0C06503BBC35}.Release|Any CPU.Build.0 = Release|Any CPU
		{B06626AE-31EB-440B-9778-F9CA467410A5}.Debug|Any CPU.ActiveCfg = Debug|Any CPU
		{B06626AE-31EB-440B-9778-F9CA467410A5}.Debug|Any CPU.Build.0 = Debug|Any CPU
		{B06626AE-31EB-440B-9778-F9CA467410A5}.Release|Any CPU.ActiveCfg = Release|Any CPU
		{B06626AE-31EB-440B-9778-F9CA467410A5}.Release|Any CPU.Build.0 = Release|Any CPU
		{E2552E40-AF40-4544-9C26-FD710CFAB4F3}.Debug|Any CPU.ActiveCfg = Debug|Any CPU
		{E2552E40-AF40-4544-9C26-FD710CFAB4F3}.Debug|Any CPU.Build.0 = Debug|Any CPU
		{E2552E40-AF40-4544-9C26-FD710CFAB4F3}.Release|Any CPU.ActiveCfg = Release|Any CPU
		{E2552E40-AF40-4544-9C26-FD710CFAB4F3}.Release|Any CPU.Build.0 = Release|Any CPU
		{9CFA9B7B-FD60-4701-9622-682F25338CA0}.Debug|Any CPU.ActiveCfg = Debug|Any CPU
		{9CFA9B7B-FD60-4701-9622-682F25338CA0}.Debug|Any CPU.Build.0 = Debug|Any CPU
		{9CFA9B7B-FD60-4701-9622-682F25338CA0}.Release|Any CPU.ActiveCfg = Release|Any CPU
		{9CFA9B7B-FD60-4701-9622-682F25338CA0}.Release|Any CPU.Build.0 = Release|Any CPU
		{6574D49B-F2DC-4AB8-89EC-63DF40A43A6F}.Debug|Any CPU.ActiveCfg = Debug|Any CPU
		{6574D49B-F2DC-4AB8-89EC-63DF40A43A6F}.Debug|Any CPU.Build.0 = Debug|Any CPU
		{6574D49B-F2DC-4AB8-89EC-63DF40A43A6F}.Release|Any CPU.ActiveCfg = Release|Any CPU
		{6574D49B-F2DC-4AB8-89EC-63DF40A43A6F}.Release|Any CPU.Build.0 = Release|Any CPU
		{F795BB74-1328-4BCF-9C82-56FB8A2972B0}.Debug|Any CPU.ActiveCfg = Debug|Any CPU
		{F795BB74-1328-4BCF-9C82-56FB8A2972B0}.Debug|Any CPU.Build.0 = Debug|Any CPU
		{F795BB74-1328-4BCF-9C82-56FB8A2972B0}.Release|Any CPU.ActiveCfg = Release|Any CPU
		{F795BB74-1328-4BCF-9C82-56FB8A2972B0}.Release|Any CPU.Build.0 = Release|Any CPU
	EndGlobalSection
	GlobalSection(SolutionProperties) = preSolution
		HideSolutionNode = FALSE
	EndGlobalSection
	GlobalSection(NestedProjects) = preSolution
		{58158847-C412-44DF-869B-5C8650237738} = {EEB27C9D-E281-40CE-B512-8C72585563DE}
		{BAC236DC-9005-4969-A1B3-0C06503BBC35} = {E07E3BFA-F6E1-4F12-A992-729947C5BB49}
		{B06626AE-31EB-440B-9778-F9CA467410A5} = {B4568559-5E82-4743-8F90-4B25CCE8B4F3}
		{AC1962D4-360C-40D7-B186-CF9B5B83FB8C} = {3EF5431B-6480-41E4-ADF6-B0DD0A3B440B}
		{E2552E40-AF40-4544-9C26-FD710CFAB4F3} = {AC1962D4-360C-40D7-B186-CF9B5B83FB8C}
		{D5624863-EB5B-499D-BD97-DE21E71EA96F} = {3EF5431B-6480-41E4-ADF6-B0DD0A3B440B}
		{9CFA9B7B-FD60-4701-9622-682F25338CA0} = {D5624863-EB5B-499D-BD97-DE21E71EA96F}
		{88063D98-0A21-4C8B-8005-96439C3FDF0B} = {3EF5431B-6480-41E4-ADF6-B0DD0A3B440B}
		{6574D49B-F2DC-4AB8-89EC-63DF40A43A6F} = {88063D98-0A21-4C8B-8005-96439C3FDF0B}
		{F795BB74-1328-4BCF-9C82-56FB8A2972B0} = {D75C92EA-96AC-40DC-9E73-A45D91C75836}
	EndGlobalSection
	GlobalSection(ExtensibilityGlobals) = postSolution
		SolutionGuid = {1B40B2F9-448C-40F1-A66F-AD8227A9399E}
	EndGlobalSection
EndGlobal
